
Microsoft Visual Studio Solution File, Format Version 12.00
# Visual Studio Version 17
VisualStudioVersion = 17.0.32112.339
MinimumVisualStudioVersion = 10.0.40219.1
Project("{FAE04EC0-301F-11D3-BF4B-00C04F79EFBC}") = "Exercicio01", "Exercicio01\Exercicio01.csproj", "{15E51529-F0E0-4E2B-A672-7294D904F3CC}"
EndProject
Project("{FAE04EC0-301F-11D3-BF4B-00C04F79EFBC}") = "Exercicio02", "Exercicio02\Exercicio02.csproj", "{DCEB4813-3C2A-4A2C-9BF8-27FE31A98D87}"
EndProject
Project("{FAE04EC0-301F-11D3-BF4B-00C04F79EFBC}") = "Exercicio03", "Exercicio03\Exercicio03.csproj", "{8C8636A7-1A67-4B58-A720-F14C57BFF805}"
EndProject
Project("{FAE04EC0-301F-11D3-BF4B-00C04F79EFBC}") = "Exercicio04", "Exercicio04\Exercicio04.csproj", "{CC3DCA90-9B56-49D2-99DB-6227D5B9DC49}"
EndProject
Project("{FAE04EC0-301F-11D3-BF4B-00C04F79EFBC}") = "Exercicio5", "Exercicio5\Exercicio5.csproj", "{EE8A30ED-D0BC-4DBE-A86A-936FBBACDB83}"
EndProject
Global
	GlobalSection(SolutionConfigurationPlatforms) = preSolution
		Debug|Any CPU = Debug|Any CPU
		Release|Any CPU = Release|Any CPU
	EndGlobalSection
	GlobalSection(ProjectConfigurationPlatforms) = postSolution
		{15E51529-F0E0-4E2B-A672-7294D904F3CC}.Debug|Any CPU.ActiveCfg = Debug|Any CPU
		{15E51529-F0E0-4E2B-A672-7294D904F3CC}.Debug|Any CPU.Build.0 = Debug|Any CPU
		{15E51529-F0E0-4E2B-A672-7294D904F3CC}.Release|Any CPU.ActiveCfg = Release|Any CPU
		{15E51529-F0E0-4E2B-A672-7294D904F3CC}.Release|Any CPU.Build.0 = Release|Any CPU
		{DCEB4813-3C2A-4A2C-9BF8-27FE31A98D87}.Debug|Any CPU.ActiveCfg = Debug|Any CPU
		{DCEB4813-3C2A-4A2C-9BF8-27FE31A98D87}.Debug|Any CPU.Build.0 = Debug|Any CPU
		{DCEB4813-3C2A-4A2C-9BF8-27FE31A98D87}.Release|Any CPU.ActiveCfg = Release|Any CPU
		{DCEB4813-3C2A-4A2C-9BF8-27FE31A98D87}.Release|Any CPU.Build.0 = Release|Any CPU
		{8C8636A7-1A67-4B58-A720-F14C57BFF805}.Debug|Any CPU.ActiveCfg = Debug|Any CPU
		{8C8636A7-1A67-4B58-A720-F14C57BFF805}.Debug|Any CPU.Build.0 = Debug|Any CPU
		{8C8636A7-1A67-4B58-A720-F14C57BFF805}.Release|Any CPU.ActiveCfg = Release|Any CPU
		{8C8636A7-1A67-4B58-A720-F14C57BFF805}.Release|Any CPU.Build.0 = Release|Any CPU
		{CC3DCA90-9B56-49D2-99DB-6227D5B9DC49}.Debug|Any CPU.ActiveCfg = Debug|Any CPU
		{CC3DCA90-9B56-49D2-99DB-6227D5B9DC49}.Debug|Any CPU.Build.0 = Debug|Any CPU
		{CC3DCA90-9B56-49D2-99DB-6227D5B9DC49}.Release|Any CPU.ActiveCfg = Release|Any CPU
		{CC3DCA90-9B56-49D2-99DB-6227D5B9DC49}.Release|Any CPU.Build.0 = Release|Any CPU
		{EE8A30ED-D0BC-4DBE-A86A-936FBBACDB83}.Debug|Any CPU.ActiveCfg = Debug|Any CPU
		{EE8A30ED-D0BC-4DBE-A86A-936FBBACDB83}.Debug|Any CPU.Build.0 = Debug|Any CPU
		{EE8A30ED-D0BC-4DBE-A86A-936FBBACDB83}.Release|Any CPU.ActiveCfg = Release|Any CPU
		{EE8A30ED-D0BC-4DBE-A86A-936FBBACDB83}.Release|Any CPU.Build.0 = Release|Any CPU
	EndGlobalSection
	GlobalSection(SolutionProperties) = preSolution
		HideSolutionNode = FALSE
	EndGlobalSection
	GlobalSection(ExtensibilityGlobals) = postSolution
		SolutionGuid = {40EEE5DA-A575-4187-BFE9-9459C33D2C9C}
	EndGlobalSection
EndGlobal
